// !$*UTF8*$!
{
	archiveVersion = 1;
	classes = {
	};
	objectVersion = 56;
	objects = {

/* Begin PBXBuildFile section */
		9627E8472B065FF60000EE27 /* ContentView.swift in Sources */ = {isa = PBXBuildFile; fileRef = 9627E8462B065FF60000EE27 /* ContentView.swift */; };
		9627E8492B065FF70000EE27 /* Assets.xcassets in Resources */ = {isa = PBXBuildFile; fileRef = 9627E8482B065FF70000EE27 /* Assets.xcassets */; };
		9627E84D2B065FF70000EE27 /* Preview Assets.xcassets in Resources */ = {isa = PBXBuildFile; fileRef = 9627E84C2B065FF70000EE27 /* Preview Assets.xcassets */; };
		965442062B0D190B00780701 /* AddItems.swift in Sources */ = {isa = PBXBuildFile; fileRef = 965442052B0D190B00780701 /* AddItems.swift */; };
		967213A62B17C272000A9AAA /* LiveRecipeText.swift in Sources */ = {isa = PBXBuildFile; fileRef = 967213A52B17C272000A9AAA /* LiveRecipeText.swift */; };
		96732BE52B56E0CB005AE51B /* EditItemView.swift in Sources */ = {isa = PBXBuildFile; fileRef = 96732BE42B56E0CB005AE51B /* EditItemView.swift */; };
		968A7FE22B0E51F100726061 /* ShoppingProduct.swift in Sources */ = {isa = PBXBuildFile; fileRef = 968A7FE12B0E51F100726061 /* ShoppingProduct.swift */; };
		96994F9B2B28B41B00C376AC /* InputView.swift in Sources */ = {isa = PBXBuildFile; fileRef = 96994F9A2B28B41B00C376AC /* InputView.swift */; };
		969D85002B0D2A0A002EE9AB /* ShoppingListApp.swift in Sources */ = {isa = PBXBuildFile; fileRef = 969D84FF2B0D2A0A002EE9AB /* ShoppingListApp.swift */; };
		969D85022B0D2C4C002EE9AB /* ShoppingList.swift in Sources */ = {isa = PBXBuildFile; fileRef = 969D85012B0D2C4C002EE9AB /* ShoppingList.swift */; };
		969D85042B0D2E6A002EE9AB /* CategorySelectorView.swift in Sources */ = {isa = PBXBuildFile; fileRef = 969D85032B0D2E6A002EE9AB /* CategorySelectorView.swift */; };
		96A3CF882B4EC4FE006724BB /* HoldForMoreView.swift in Sources */ = {isa = PBXBuildFile; fileRef = 96A3CF872B4EC4FE006724BB /* HoldForMoreView.swift */; };
		96F0C74B2B2A129D00B7C07D /* SettingsRowView.swift in Sources */ = {isa = PBXBuildFile; fileRef = 96F0C74A2B2A129D00B7C07D /* SettingsRowView.swift */; };
		96F0C74D2B2A135F00B7C07D /* SettingsView.swift in Sources */ = {isa = PBXBuildFile; fileRef = 96F0C74C2B2A135F00B7C07D /* SettingsView.swift */; };
		96F627EA2B584DC600ABE110 /* C.swift in Sources */ = {isa = PBXBuildFile; fileRef = 96F627E92B584DC600ABE110 /* C.swift */; };
		AA0E4D072B7D4F49004CDD5C /* ShoppingViewModel.swift in Sources */ = {isa = PBXBuildFile; fileRef = AA0E4D062B7D4F49004CDD5C /* ShoppingViewModel.swift */; };
/* End PBXBuildFile section */

/* Begin PBXFileReference section */
		960FE8282B3DF57400433B04 /* ShoppingList.entitlements */ = {isa = PBXFileReference; fileEncoding = 4; lastKnownFileType = text.plist.entitlements; path = ShoppingList.entitlements; sourceTree = "<group>"; };
		9627E8412B065FF60000EE27 /* ShoppingList.app */ = {isa = PBXFileReference; explicitFileType = wrapper.application; includeInIndex = 0; path = ShoppingList.app; sourceTree = BUILT_PRODUCTS_DIR; };
		9627E8462B065FF60000EE27 /* ContentView.swift */ = {isa = PBXFileReference; lastKnownFileType = sourcecode.swift; path = ContentView.swift; sourceTree = "<group>"; };
		9627E8482B065FF70000EE27 /* Assets.xcassets */ = {isa = PBXFileReference; lastKnownFileType = folder.assetcatalog; path = Assets.xcassets; sourceTree = "<group>"; };
		9627E84C2B065FF70000EE27 /* Preview Assets.xcassets */ = {isa = PBXFileReference; lastKnownFileType = folder.assetcatalog; path = "Preview Assets.xcassets"; sourceTree = "<group>"; };
		965442052B0D190B00780701 /* AddItems.swift */ = {isa = PBXFileReference; lastKnownFileType = sourcecode.swift; path = AddItems.swift; sourceTree = "<group>"; };
		967213A52B17C272000A9AAA /* LiveRecipeText.swift */ = {isa = PBXFileReference; lastKnownFileType = sourcecode.swift; path = LiveRecipeText.swift; sourceTree = "<group>"; };
		96732BE42B56E0CB005AE51B /* EditItemView.swift */ = {isa = PBXFileReference; lastKnownFileType = sourcecode.swift; path = EditItemView.swift; sourceTree = "<group>"; };
		968A7FE12B0E51F100726061 /* ShoppingProduct.swift */ = {isa = PBXFileReference; lastKnownFileType = sourcecode.swift; path = ShoppingProduct.swift; sourceTree = "<group>"; };
		96994F9A2B28B41B00C376AC /* InputView.swift */ = {isa = PBXFileReference; lastKnownFileType = sourcecode.swift; path = InputView.swift; sourceTree = "<group>"; };
		969D84FF2B0D2A0A002EE9AB /* ShoppingListApp.swift */ = {isa = PBXFileReference; fileEncoding = 4; lastKnownFileType = sourcecode.swift; path = ShoppingListApp.swift; sourceTree = "<group>"; };
		969D85012B0D2C4C002EE9AB /* ShoppingList.swift */ = {isa = PBXFileReference; lastKnownFileType = sourcecode.swift; path = ShoppingList.swift; sourceTree = "<group>"; };
		969D85032B0D2E6A002EE9AB /* CategorySelectorView.swift */ = {isa = PBXFileReference; lastKnownFileType = sourcecode.swift; path = CategorySelectorView.swift; sourceTree = "<group>"; };
		96A3CF872B4EC4FE006724BB /* HoldForMoreView.swift */ = {isa = PBXFileReference; lastKnownFileType = sourcecode.swift; path = HoldForMoreView.swift; sourceTree = "<group>"; };
		96F0C74A2B2A129D00B7C07D /* SettingsRowView.swift */ = {isa = PBXFileReference; lastKnownFileType = sourcecode.swift; path = SettingsRowView.swift; sourceTree = "<group>"; };
		96F0C74C2B2A135F00B7C07D /* SettingsView.swift */ = {isa = PBXFileReference; lastKnownFileType = sourcecode.swift; path = SettingsView.swift; sourceTree = "<group>"; };
		96F627E92B584DC600ABE110 /* C.swift */ = {isa = PBXFileReference; lastKnownFileType = sourcecode.swift; path = C.swift; sourceTree = "<group>"; };
		AA0E4D062B7D4F49004CDD5C /* ShoppingViewModel.swift */ = {isa = PBXFileReference; lastKnownFileType = sourcecode.swift; path = ShoppingViewModel.swift; sourceTree = "<group>"; };
		AA36A0832B867E51002147C1 /* TestGround.playground */ = {isa = PBXFileReference; lastKnownFileType = file.playground; path = TestGround.playground; sourceTree = "<group>"; xcLanguageSpecificationIdentifier = xcode.lang.swift; };
		AAF13DA62BAB020300288D5F /* Info.plist */ = {isa = PBXFileReference; lastKnownFileType = text.plist; path = Info.plist; sourceTree = "<group>"; };
/* End PBXFileReference section */

/* Begin PBXFrameworksBuildPhase section */
		9627E83E2B065FF60000EE27 /* Frameworks */ = {
			isa = PBXFrameworksBuildPhase;
			buildActionMask = 2147483647;
			files = (
			);
			runOnlyForDeploymentPostprocessing = 0;
		};
/* End PBXFrameworksBuildPhase section */

/* Begin PBXGroup section */
		960B06452B2B1B340097CC43 /* Model */ = {
			isa = PBXGroup;
			children = (
				969D85012B0D2C4C002EE9AB /* ShoppingList.swift */,
			);
			path = Model;
			sourceTree = "<group>";
		};
		9627E8382B065FF60000EE27 = {
			isa = PBXGroup;
			children = (
				AA36A0832B867E51002147C1 /* TestGround.playground */,
				9627E8432B065FF60000EE27 /* ShoppingList */,
				9627E8422B065FF60000EE27 /* Products */,
			);
			sourceTree = "<group>";
		};
		9627E8422B065FF60000EE27 /* Products */ = {
			isa = PBXGroup;
			children = (
				9627E8412B065FF60000EE27 /* ShoppingList.app */,
			);
			name = Products;
			sourceTree = "<group>";
		};
		9627E8432B065FF60000EE27 /* ShoppingList */ = {
			isa = PBXGroup;
			children = (
				AAF13DA62BAB020300288D5F /* Info.plist */,
				AA69E0372B83D636005CB539 /* Constants */,
				AA69E0382B83D66B005CB539 /* View */,
				96994F9C2B28B42200C376AC /* Components */,
				AAD0F7152B7E7F29004096B9 /* ViewModel */,
				966062D42B1A92FD0083F2CB /* ReadingRecipes */,
				960B06452B2B1B340097CC43 /* Model */,
				9627E8462B065FF60000EE27 /* ContentView.swift */,
				969D84FF2B0D2A0A002EE9AB /* ShoppingListApp.swift */,
				9627E8482B065FF70000EE27 /* Assets.xcassets */,
				960FE8282B3DF57400433B04 /* ShoppingList.entitlements */,
				9627E84B2B065FF70000EE27 /* Preview Content */,
			);
			path = ShoppingList;
			sourceTree = "<group>";
		};
		9627E84B2B065FF70000EE27 /* Preview Content */ = {
			isa = PBXGroup;
			children = (
				9627E84C2B065FF70000EE27 /* Preview Assets.xcassets */,
			);
			path = "Preview Content";
			sourceTree = "<group>";
		};
		966062D42B1A92FD0083F2CB /* ReadingRecipes */ = {
			isa = PBXGroup;
			children = (
				967213A52B17C272000A9AAA /* LiveRecipeText.swift */,
			);
			path = ReadingRecipes;
			sourceTree = "<group>";
		};
		96994F9C2B28B42200C376AC /* Components */ = {
			isa = PBXGroup;
			children = (
				968A7FE12B0E51F100726061 /* ShoppingProduct.swift */,
				96994F9A2B28B41B00C376AC /* InputView.swift */,
				96F0C74A2B2A129D00B7C07D /* SettingsRowView.swift */,
			);
			path = Components;
			sourceTree = "<group>";
		};
		AA69E0372B83D636005CB539 /* Constants */ = {
			isa = PBXGroup;
			children = (
				96F627E92B584DC600ABE110 /* C.swift */,
			);
			path = Constants;
			sourceTree = "<group>";
		};
		AA69E0382B83D66B005CB539 /* View */ = {
			isa = PBXGroup;
			children = (
				96732BE42B56E0CB005AE51B /* EditItemView.swift */,
				96A3CF872B4EC4FE006724BB /* HoldForMoreView.swift */,
				96F0C74C2B2A135F00B7C07D /* SettingsView.swift */,
				969D85032B0D2E6A002EE9AB /* CategorySelectorView.swift */,
				965442052B0D190B00780701 /* AddItems.swift */,
			);
			path = View;
			sourceTree = "<group>";
		};
		AAD0F7152B7E7F29004096B9 /* ViewModel */ = {
			isa = PBXGroup;
			children = (
				AA0E4D062B7D4F49004CDD5C /* ShoppingViewModel.swift */,
			);
			path = ViewModel;
			sourceTree = "<group>";
		};
/* End PBXGroup section */

/* Begin PBXNativeTarget section */
		9627E8402B065FF60000EE27 /* ShoppingList */ = {
			isa = PBXNativeTarget;
			buildConfigurationList = 9627E8502B065FF70000EE27 /* Build configuration list for PBXNativeTarget "ShoppingList" */;
			buildPhases = (
				9627E83D2B065FF60000EE27 /* Sources */,
				9627E83E2B065FF60000EE27 /* Frameworks */,
				9627E83F2B065FF60000EE27 /* Resources */,
			);
			buildRules = (
			);
			dependencies = (
			);
			name = ShoppingList;
			packageProductDependencies = (
			);
			productName = ShoppingList;
			productReference = 9627E8412B065FF60000EE27 /* ShoppingList.app */;
			productType = "com.apple.product-type.application";
		};
/* End PBXNativeTarget section */

/* Begin PBXProject section */
		9627E8392B065FF60000EE27 /* Project object */ = {
			isa = PBXProject;
			attributes = {
				BuildIndependentTargetsInParallel = 1;
				LastSwiftUpdateCheck = 1500;
				LastUpgradeCheck = 1520;
				TargetAttributes = {
					9627E8402B065FF60000EE27 = {
						CreatedOnToolsVersion = 15.0.1;
					};
				};
			};
			buildConfigurationList = 9627E83C2B065FF60000EE27 /* Build configuration list for PBXProject "ShoppingList" */;
			compatibilityVersion = "Xcode 14.0";
			developmentRegion = en;
			hasScannedForEncodings = 0;
			knownRegions = (
				en,
				Base,
			);
			mainGroup = 9627E8382B065FF60000EE27;
			packageReferences = (
			);
			productRefGroup = 9627E8422B065FF60000EE27 /* Products */;
			projectDirPath = "";
			projectRoot = "";
			targets = (
				9627E8402B065FF60000EE27 /* ShoppingList */,
			);
		};
/* End PBXProject section */

/* Begin PBXResourcesBuildPhase section */
		9627E83F2B065FF60000EE27 /* Resources */ = {
			isa = PBXResourcesBuildPhase;
			buildActionMask = 2147483647;
			files = (
				9627E84D2B065FF70000EE27 /* Preview Assets.xcassets in Resources */,
				9627E8492B065FF70000EE27 /* Assets.xcassets in Resources */,
			);
			runOnlyForDeploymentPostprocessing = 0;
		};
/* End PBXResourcesBuildPhase section */

/* Begin PBXSourcesBuildPhase section */
		9627E83D2B065FF60000EE27 /* Sources */ = {
			isa = PBXSourcesBuildPhase;
			buildActionMask = 2147483647;
			files = (
				AA0E4D072B7D4F49004CDD5C /* ShoppingViewModel.swift in Sources */,
				96F627EA2B584DC600ABE110 /* C.swift in Sources */,
				9627E8472B065FF60000EE27 /* ContentView.swift in Sources */,
				969D85042B0D2E6A002EE9AB /* CategorySelectorView.swift in Sources */,
				969D85022B0D2C4C002EE9AB /* ShoppingList.swift in Sources */,
				967213A62B17C272000A9AAA /* LiveRecipeText.swift in Sources */,
				968A7FE22B0E51F100726061 /* ShoppingProduct.swift in Sources */,
				96732BE52B56E0CB005AE51B /* EditItemView.swift in Sources */,
				965442062B0D190B00780701 /* AddItems.swift in Sources */,
				96A3CF882B4EC4FE006724BB /* HoldForMoreView.swift in Sources */,
				96994F9B2B28B41B00C376AC /* InputView.swift in Sources */,
				96F0C74B2B2A129D00B7C07D /* SettingsRowView.swift in Sources */,
				96F0C74D2B2A135F00B7C07D /* SettingsView.swift in Sources */,
				969D85002B0D2A0A002EE9AB /* ShoppingListApp.swift in Sources */,
			);
			runOnlyForDeploymentPostprocessing = 0;
		};
/* End PBXSourcesBuildPhase section */

/* Begin XCBuildConfiguration section */
		9627E84E2B065FF70000EE27 /* Debug */ = {
			isa = XCBuildConfiguration;
			buildSettings = {
				ALWAYS_SEARCH_USER_PATHS = NO;
				ASSETCATALOG_COMPILER_GENERATE_SWIFT_ASSET_SYMBOL_EXTENSIONS = YES;
				CLANG_ANALYZER_NONNULL = YES;
				CLANG_ANALYZER_NUMBER_OBJECT_CONVERSION = YES_AGGRESSIVE;
				CLANG_CXX_LANGUAGE_STANDARD = "gnu++20";
				CLANG_ENABLE_MODULES = YES;
				CLANG_ENABLE_OBJC_ARC = YES;
				CLANG_ENABLE_OBJC_WEAK = YES;
				CLANG_WARN_BLOCK_CAPTURE_AUTORELEASING = YES;
				CLANG_WARN_BOOL_CONVERSION = YES;
				CLANG_WARN_COMMA = YES;
				CLANG_WARN_CONSTANT_CONVERSION = YES;
				CLANG_WARN_DEPRECATED_OBJC_IMPLEMENTATIONS = YES;
				CLANG_WARN_DIRECT_OBJC_ISA_USAGE = YES_ERROR;
				CLANG_WARN_DOCUMENTATION_COMMENTS = YES;
				CLANG_WARN_EMPTY_BODY = YES;
				CLANG_WARN_ENUM_CONVERSION = YES;
				CLANG_WARN_INFINITE_RECURSION = YES;
				CLANG_WARN_INT_CONVERSION = YES;
				CLANG_WARN_NON_LITERAL_NULL_CONVERSION = YES;
				CLANG_WARN_OBJC_IMPLICIT_RETAIN_SELF = YES;
				CLANG_WARN_OBJC_LITERAL_CONVERSION = YES;
				CLANG_WARN_OBJC_ROOT_CLASS = YES_ERROR;
				CLANG_WARN_QUOTED_INCLUDE_IN_FRAMEWORK_HEADER = YES;
				CLANG_WARN_RANGE_LOOP_ANALYSIS = YES;
				CLANG_WARN_STRICT_PROTOTYPES = YES;
				CLANG_WARN_SUSPICIOUS_MOVE = YES;
				CLANG_WARN_UNGUARDED_AVAILABILITY = YES_AGGRESSIVE;
				CLANG_WARN_UNREACHABLE_CODE = YES;
				CLANG_WARN__DUPLICATE_METHOD_MATCH = YES;
				COPY_PHASE_STRIP = NO;
				DEAD_CODE_STRIPPING = YES;
				DEBUG_INFORMATION_FORMAT = dwarf;
				ENABLE_STRICT_OBJC_MSGSEND = YES;
				ENABLE_TESTABILITY = YES;
				ENABLE_USER_SCRIPT_SANDBOXING = YES;
				GCC_C_LANGUAGE_STANDARD = gnu17;
				GCC_DYNAMIC_NO_PIC = NO;
				GCC_NO_COMMON_BLOCKS = YES;
				GCC_OPTIMIZATION_LEVEL = 0;
				GCC_PREPROCESSOR_DEFINITIONS = (
					"DEBUG=1",
					"$(inherited)",
				);
				GCC_WARN_64_TO_32_BIT_CONVERSION = YES;
				GCC_WARN_ABOUT_RETURN_TYPE = YES_ERROR;
				GCC_WARN_UNDECLARED_SELECTOR = YES;
				GCC_WARN_UNINITIALIZED_AUTOS = YES_AGGRESSIVE;
				GCC_WARN_UNUSED_FUNCTION = YES;
				GCC_WARN_UNUSED_VARIABLE = YES;
				IPHONEOS_DEPLOYMENT_TARGET = 17.0;
				LOCALIZATION_PREFERS_STRING_CATALOGS = YES;
				MACOSX_DEPLOYMENT_TARGET = 13.5;
				MTL_ENABLE_DEBUG_INFO = INCLUDE_SOURCE;
				MTL_FAST_MATH = YES;
				ONLY_ACTIVE_ARCH = YES;
				SWIFT_ACTIVE_COMPILATION_CONDITIONS = "DEBUG $(inherited)";
				SWIFT_OPTIMIZATION_LEVEL = "-Onone";
			};
			name = Debug;
		};
		9627E84F2B065FF70000EE27 /* Release */ = {
			isa = XCBuildConfiguration;
			buildSettings = {
				ALWAYS_SEARCH_USER_PATHS = NO;
				ASSETCATALOG_COMPILER_GENERATE_SWIFT_ASSET_SYMBOL_EXTENSIONS = YES;
				CLANG_ANALYZER_NONNULL = YES;
				CLANG_ANALYZER_NUMBER_OBJECT_CONVERSION = YES_AGGRESSIVE;
				CLANG_CXX_LANGUAGE_STANDARD = "gnu++20";
				CLANG_ENABLE_MODULES = YES;
				CLANG_ENABLE_OBJC_ARC = YES;
				CLANG_ENABLE_OBJC_WEAK = YES;
				CLANG_WARN_BLOCK_CAPTURE_AUTORELEASING = YES;
				CLANG_WARN_BOOL_CONVERSION = YES;
				CLANG_WARN_COMMA = YES;
				CLANG_WARN_CONSTANT_CONVERSION = YES;
				CLANG_WARN_DEPRECATED_OBJC_IMPLEMENTATIONS = YES;
				CLANG_WARN_DIRECT_OBJC_ISA_USAGE = YES_ERROR;
				CLANG_WARN_DOCUMENTATION_COMMENTS = YES;
				CLANG_WARN_EMPTY_BODY = YES;
				CLANG_WARN_ENUM_CONVERSION = YES;
				CLANG_WARN_INFINITE_RECURSION = YES;
				CLANG_WARN_INT_CONVERSION = YES;
				CLANG_WARN_NON_LITERAL_NULL_CONVERSION = YES;
				CLANG_WARN_OBJC_IMPLICIT_RETAIN_SELF = YES;
				CLANG_WARN_OBJC_LITERAL_CONVERSION = YES;
				CLANG_WARN_OBJC_ROOT_CLASS = YES_ERROR;
				CLANG_WARN_QUOTED_INCLUDE_IN_FRAMEWORK_HEADER = YES;
				CLANG_WARN_RANGE_LOOP_ANALYSIS = YES;
				CLANG_WARN_STRICT_PROTOTYPES = YES;
				CLANG_WARN_SUSPICIOUS_MOVE = YES;
				CLANG_WARN_UNGUARDED_AVAILABILITY = YES_AGGRESSIVE;
				CLANG_WARN_UNREACHABLE_CODE = YES;
				CLANG_WARN__DUPLICATE_METHOD_MATCH = YES;
				COPY_PHASE_STRIP = NO;
				DEAD_CODE_STRIPPING = YES;
				DEBUG_INFORMATION_FORMAT = "dwarf-with-dsym";
				ENABLE_NS_ASSERTIONS = NO;
				ENABLE_STRICT_OBJC_MSGSEND = YES;
				ENABLE_USER_SCRIPT_SANDBOXING = YES;
				GCC_C_LANGUAGE_STANDARD = gnu17;
				GCC_NO_COMMON_BLOCKS = YES;
				GCC_WARN_64_TO_32_BIT_CONVERSION = YES;
				GCC_WARN_ABOUT_RETURN_TYPE = YES_ERROR;
				GCC_WARN_UNDECLARED_SELECTOR = YES;
				GCC_WARN_UNINITIALIZED_AUTOS = YES_AGGRESSIVE;
				GCC_WARN_UNUSED_FUNCTION = YES;
				GCC_WARN_UNUSED_VARIABLE = YES;
				IPHONEOS_DEPLOYMENT_TARGET = 17.0;
				LOCALIZATION_PREFERS_STRING_CATALOGS = YES;
				MACOSX_DEPLOYMENT_TARGET = 13.5;
				MTL_ENABLE_DEBUG_INFO = NO;
				MTL_FAST_MATH = YES;
				SWIFT_COMPILATION_MODE = wholemodule;
			};
			name = Release;
		};
		9627E8512B065FF70000EE27 /* Debug */ = {
			isa = XCBuildConfiguration;
			buildSettings = {
				ASSETCATALOG_COMPILER_APPICON_NAME = AppIcon;
				ASSETCATALOG_COMPILER_GLOBAL_ACCENT_COLOR_NAME = AccentColor;
				CODE_SIGN_ENTITLEMENTS = ShoppingList/ShoppingList.entitlements;
				CODE_SIGN_IDENTITY = "Apple Development";
				CODE_SIGN_STYLE = Automatic;
				CURRENT_PROJECT_VERSION = 1;
				DEAD_CODE_STRIPPING = YES;
				DEVELOPMENT_ASSET_PATHS = "\"ShoppingList/Preview Content\"";
				DEVELOPMENT_TEAM = 2MK43D3KDT;
				ENABLE_HARDENED_RUNTIME = NO;
				ENABLE_PREVIEWS = YES;
				GENERATE_INFOPLIST_FILE = YES;
				INFOPLIST_FILE = ShoppingList/Info.plist;
				INFOPLIST_KEY_NSCameraUsageDescription = "Needs camera";
				"INFOPLIST_KEY_UIApplicationSceneManifest_Generation[sdk=iphoneos*]" = YES;
				"INFOPLIST_KEY_UIApplicationSceneManifest_Generation[sdk=iphonesimulator*]" = YES;
				"INFOPLIST_KEY_UIApplicationSupportsIndirectInputEvents[sdk=iphoneos*]" = YES;
				"INFOPLIST_KEY_UIApplicationSupportsIndirectInputEvents[sdk=iphonesimulator*]" = YES;
				"INFOPLIST_KEY_UILaunchScreen_Generation[sdk=iphoneos*]" = YES;
				"INFOPLIST_KEY_UILaunchScreen_Generation[sdk=iphonesimulator*]" = YES;
				"INFOPLIST_KEY_UIStatusBarStyle[sdk=iphoneos*]" = UIStatusBarStyleDefault;
				"INFOPLIST_KEY_UIStatusBarStyle[sdk=iphonesimulator*]" = UIStatusBarStyleDefault;
				INFOPLIST_KEY_UISupportedInterfaceOrientations_iPad = "UIInterfaceOrientationPortrait UIInterfaceOrientationPortraitUpsideDown UIInterfaceOrientationLandscapeLeft UIInterfaceOrientationLandscapeRight";
				INFOPLIST_KEY_UISupportedInterfaceOrientations_iPhone = "UIInterfaceOrientationPortrait UIInterfaceOrientationLandscapeLeft UIInterfaceOrientationLandscapeRight";
				IPHONEOS_DEPLOYMENT_TARGET = 17.0;
				LD_RUNPATH_SEARCH_PATHS = "@executable_path/Frameworks";
				"LD_RUNPATH_SEARCH_PATHS[sdk=macosx*]" = "@executable_path/../Frameworks";
				MACOSX_DEPLOYMENT_TARGET = 13.5;
				MARKETING_VERSION = 1.0;
				PRODUCT_BUNDLE_IDENTIFIER = Ypeh.ShoppingList;
				PRODUCT_NAME = "$(TARGET_NAME)";
				PROVISIONING_PROFILE_SPECIFIER = "";
				SDKROOT = auto;
				SUPPORTED_PLATFORMS = "iphoneos iphonesimulator macosx";
				SWIFT_EMIT_LOC_STRINGS = YES;
				SWIFT_VERSION = 5.0;
				TARGETED_DEVICE_FAMILY = "1,2";
			};
			name = Debug;
		};
		9627E8522B065FF70000EE27 /* Release */ = {
			isa = XCBuildConfiguration;
			buildSettings = {
				ASSETCATALOG_COMPILER_APPICON_NAME = AppIcon;
				ASSETCATALOG_COMPILER_GLOBAL_ACCENT_COLOR_NAME = AccentColor;
				CODE_SIGN_ENTITLEMENTS = ShoppingList/ShoppingList.entitlements;
				CODE_SIGN_IDENTITY = "Apple Development";
				CODE_SIGN_STYLE = Automatic;
				CURRENT_PROJECT_VERSION = 1;
				DEAD_CODE_STRIPPING = YES;
				DEVELOPMENT_ASSET_PATHS = "\"ShoppingList/Preview Content\"";
				DEVELOPMENT_TEAM = 2MK43D3KDT;
				ENABLE_HARDENED_RUNTIME = NO;
				ENABLE_PREVIEWS = YES;
				GENERATE_INFOPLIST_FILE = YES;
				INFOPLIST_FILE = ShoppingList/Info.plist;
				INFOPLIST_KEY_NSCameraUsageDescription = "Needs camera";
				"INFOPLIST_KEY_UIApplicationSceneManifest_Generation[sdk=iphoneos*]" = YES;
				"INFOPLIST_KEY_UIApplicationSceneManifest_Generation[sdk=iphonesimulator*]" = YES;
				"INFOPLIST_KEY_UIApplicationSupportsIndirectInputEvents[sdk=iphoneos*]" = YES;
				"INFOPLIST_KEY_UIApplicationSupportsIndirectInputEvents[sdk=iphonesimulator*]" = YES;
				"INFOPLIST_KEY_UILaunchScreen_Generation[sdk=iphoneos*]" = YES;
				"INFOPLIST_KEY_UILaunchScreen_Generation[sdk=iphonesimulator*]" = YES;
				"INFOPLIST_KEY_UIStatusBarStyle[sdk=iphoneos*]" = UIStatusBarStyleDefault;
				"INFOPLIST_KEY_UIStatusBarStyle[sdk=iphonesimulator*]" = UIStatusBarStyleDefault;
				INFOPLIST_KEY_UISupportedInterfaceOrientations_iPad = "UIInterfaceOrientationPortrait UIInterfaceOrientationPortraitUpsideDown UIInterfaceOrientationLandscapeLeft UIInterfaceOrientationLandscapeRight";
				INFOPLIST_KEY_UISupportedInterfaceOrientations_iPhone = "UIInterfaceOrientationPortrait UIInterfaceOrientationLandscapeLeft UIInterfaceOrientationLandscapeRight";
				IPHONEOS_DEPLOYMENT_TARGET = 17.0;
				LD_RUNPATH_SEARCH_PATHS = "@executable_path/Frameworks";
				"LD_RUNPATH_SEARCH_PATHS[sdk=macosx*]" = "@executable_path/../Frameworks";
				MACOSX_DEPLOYMENT_TARGET = 13.5;
				MARKETING_VERSION = 1.0;
				PRODUCT_BUNDLE_IDENTIFIER = Ypeh.ShoppingList;
				PRODUCT_NAME = "$(TARGET_NAME)";
				PROVISIONING_PROFILE_SPECIFIER = "";
				SDKROOT = auto;
				SUPPORTED_PLATFORMS = "iphoneos iphonesimulator macosx";
				SWIFT_EMIT_LOC_STRINGS = YES;
				SWIFT_VERSION = 5.0;
				TARGETED_DEVICE_FAMILY = "1,2";
			};
			name = Release;
		};
/* End XCBuildConfiguration section */

/* Begin XCConfigurationList section */
		9627E83C2B065FF60000EE27 /* Build configuration list for PBXProject "ShoppingList" */ = {
			isa = XCConfigurationList;
			buildConfigurations = (
				9627E84E2B065FF70000EE27 /* Debug */,
				9627E84F2B065FF70000EE27 /* Release */,
			);
			defaultConfigurationIsVisible = 0;
			defaultConfigurationName = Release;
		};
		9627E8502B065FF70000EE27 /* Build configuration list for PBXNativeTarget "ShoppingList" */ = {
			isa = XCConfigurationList;
			buildConfigurations = (
				9627E8512B065FF70000EE27 /* Debug */,
				9627E8522B065FF70000EE27 /* Release */,
			);
			defaultConfigurationIsVisible = 0;
			defaultConfigurationName = Release;
		};
/* End XCConfigurationList section */
	};
	rootObject = 9627E8392B065FF60000EE27 /* Project object */;
}
